{
  "name": "token-metadata-creater-helper",
  "version": "1.0.0",
  "lockfileVersion": 2,
  "requires": true,
  "packages": {
    "": {
      "name": "token-metadata-creater-helper",
      "version": "1.0.0",
      "license": "ISC",
      "dependencies": {
        "@emurgo/cardano-serialization-lib-nodejs": "^9.1.2",
        "blake2": "^4.0.2",
        "cbor": "^8.1.0"
      }
    },
    "node_modules/@emurgo/cardano-serialization-lib-nodejs": {
      "version": "9.1.2",
      "resolved": "https://registry.npmjs.org/@emurgo/cardano-serialization-lib-nodejs/-/cardano-serialization-lib-nodejs-9.1.2.tgz",
      "integrity": "sha512-wX0z/P2xysCjSxClnJxdcEKk9+uttpLnHiCsHZj1x+FEUYZ0FCnfIsJT8nN7oRCGyM/Y9peppoZUbqR05d97nQ=="
    },
    "node_modules/blake2": {
      "version": "4.0.2",
      "resolved": "https://registry.npmjs.org/blake2/-/blake2-4.0.2.tgz",
      "integrity": "sha512-Z7yip562cm1s1pXBYfn64ScLH9HVy6zarw5FCKEVqTBRxyXn736sPmM3nYSCWw1zWt+zEUSwrbEXbElgwDi9aw==",
      "hasInstallScript": true,
      "dependencies": {
        "nan": "^2.14.2"
      },
      "engines": {
        "node": ">= 8.0.0"
      }
    },
    "node_modules/cbor": {
      "version": "8.1.0",
      "resolved": "https://registry.npmjs.org/cbor/-/cbor-8.1.0.tgz",
      "integrity": "sha512-DwGjNW9omn6EwP70aXsn7FQJx5kO12tX0bZkaTjzdVFM6/7nhA4t0EENocKGx6D2Bch9PE2KzCUf5SceBdeijg==",
      "dependencies": {
        "nofilter": "^3.1.0"
      },
      "engines": {
        "node": ">=12.19"
      }
    },
    "node_modules/nan": {
      "version": "2.15.0",
      "resolved": "https://registry.npmjs.org/nan/-/nan-2.15.0.tgz",
      "integrity": "sha512-8ZtvEnA2c5aYCZYd1cvgdnU6cqwixRoYg70xPLWUws5ORTa/lnw+u4amixRS/Ac5U5mQVgp9pnlSUnbNWFaWZQ=="
    },
    "node_modules/nofilter": {
      "version": "3.1.0",
      "resolved": "https://registry.npmjs.org/nofilter/-/nofilter-3.1.0.tgz",
      "integrity": "sha512-l2NNj07e9afPnhAhvgVrCD/oy2Ai1yfLpuo3EpiO1jFTsB4sFz6oIfAfSZyQzVpkZQ9xS8ZS5g1jCBgq4Hwo0g==",
      "engines": {
        "node": ">=12.19"
      }
    }
  },
  "dependencies": {
    "@emurgo/cardano-serialization-lib-nodejs": {
      "version": "9.1.2",
      "resolved": "https://registry.npmjs.org/@emurgo/cardano-serialization-lib-nodejs/-/cardano-serialization-lib-nodejs-9.1.2.tgz",
      "integrity": "sha512-wX0z/P2xysCjSxClnJxdcEKk9+uttpLnHiCsHZj1x+FEUYZ0FCnfIsJT8nN7oRCGyM/Y9peppoZUbqR05d97nQ=="
    },
    "blake2": {
      "version": "4.0.2",
      "resolved": "https://registry.npmjs.org/blake2/-/blake2-4.0.2.tgz",
      "integrity": "sha512-Z7yip562cm1s1pXBYfn64ScLH9HVy6zarw5FCKEVqTBRxyXn736sPmM3nYSCWw1zWt+zEUSwrbEXbElgwDi9aw==",
      "requires": {
        "nan": "^2.14.2"
      }
    },
    "cbor": {
      "version": "8.1.0",
      "resolved": "https://registry.npmjs.org/cbor/-/cbor-8.1.0.tgz",
      "integrity": "sha512-DwGjNW9omn6EwP70aXsn7FQJx5kO12tX0bZkaTjzdVFM6/7nhA4t0EENocKGx6D2Bch9PE2KzCUf5SceBdeijg==",
      "requires": {
        "nofilter": "^3.1.0"
      }
    },
    "nan": {
      "version": "2.15.0",
      "resolved": "https://registry.npmjs.org/nan/-/nan-2.15.0.tgz",
      "integrity": "sha512-8ZtvEnA2c5aYCZYd1cvgdnU6cqwixRoYg70xPLWUws5ORTa/lnw+u4amixRS/Ac5U5mQVgp9pnlSUnbNWFaWZQ=="
    },
    "nofilter": {
      "version": "3.1.0",
      "resolved": "https://registry.npmjs.org/nofilter/-/nofilter-3.1.0.tgz",
      "integrity": "sha512-l2NNj07e9afPnhAhvgVrCD/oy2Ai1yfLpuo3EpiO1jFTsB4sFz6oIfAfSZyQzVpkZQ9xS8ZS5g1jCBgq4Hwo0g=="
    }
  }
}
